{
  "checksum": "9edd028d232ccec0a29e6cc4b6f13f39285e35c8ecd48e8009f927ed13d366ab",
  "crates": {
    "cfg-if 1.0.0": {
      "name": "cfg-if",
      "version": "1.0.0",
      "repository": {
        "Http": {
          "url": "https://crates.io/api/v1/crates/cfg-if/1.0.0/download",
          "sha256": "baf1de4339761588bc0619e3cbc0120ee582ebb74b53b4efbf79117bd2da40fd"
        }
      },
      "targets": [
        {
          "Library": {
            "crate_name": "cfg_if",
            "crate_root": "src/lib.rs",
            "srcs": [
              "**/*.rs"
            ]
          }
        }
      ],
      "library_target_name": "cfg_if",
      "common_attrs": {
        "compile_data_glob": [
          "**"
        ],
        "edition": "2018",
        "version": "1.0.0"
      },
      "license": "MIT/Apache-2.0"
    },
    "direct-cargo-bazel-deps 0.0.1": {
      "name": "direct-cargo-bazel-deps",
      "version": "0.0.1",
      "repository": null,
      "targets": [
        {
          "Library": {
            "crate_name": "direct_cargo_bazel_deps",
            "crate_root": ".direct_cargo_bazel_deps.rs",
            "srcs": [
              "**/*.rs"
            ]
          }
        }
      ],
      "library_target_name": "direct_cargo_bazel_deps",
      "common_attrs": {
        "compile_data_glob": [
          "**"
        ],
        "deps": {
          "common": [
            {
              "id": "rand 0.8.5",
              "target": "rand"
            }
          ],
          "selects": {}
        },
        "edition": "2018",
        "version": "0.0.1"
      },
      "license": null
    },
    "getrandom 0.2.8": {
      "name": "getrandom",
      "version": "0.2.8",
      "repository": {
        "Http": {
          "url": "https://crates.io/api/v1/crates/getrandom/0.2.8/download",
          "sha256": "c05aeb6a22b8f62540c194aac980f2115af067bfe15a0734d7277a768d396b31"
        }
      },
      "targets": [
        {
          "Library": {
            "crate_name": "getrandom",
            "crate_root": "src/lib.rs",
            "srcs": [
              "**/*.rs"
            ]
          }
        }
      ],
      "library_target_name": "getrandom",
      "common_attrs": {
        "compile_data_glob": [
          "**"
        ],
        "crate_features": [
          "std"
        ],
        "deps": {
          "common": [
            {
              "id": "cfg-if 1.0.0",
              "target": "cfg_if"
            }
          ],
          "selects": {
            "cfg(target_os = \"wasi\")": [
              {
                "id": "wasi 0.11.0+wasi-snapshot-preview1",
                "target": "wasi"
              }
            ],
            "cfg(unix)": [
              {
                "id": "libc 0.2.139",
                "target": "libc"
              }
            ]
          }
        },
        "edition": "2018",
        "version": "0.2.8"
      },
      "license": "MIT OR Apache-2.0"
    },
    "libc 0.2.139": {
      "name": "libc",
      "version": "0.2.139",
      "repository": {
        "Http": {
          "url": "https://crates.io/api/v1/crates/libc/0.2.139/download",
          "sha256": "201de327520df007757c1f0adce6e827fe8562fbc28bfd9c15571c66ca1f5f79"
        }
      },
      "targets": [
        {
          "Library": {
            "crate_name": "libc",
            "crate_root": "src/lib.rs",
            "srcs": [
              "**/*.rs"
            ]
          }
        },
        {
          "BuildScript": {
            "crate_name": "build_script_build",
            "crate_root": "build.rs",
            "srcs": [
              "**/*.rs"
            ]
          }
        }
      ],
      "library_target_name": "libc",
      "common_attrs": {
        "compile_data_glob": [
          "**"
        ],
        "deps": {
          "common": [
            {
              "id": "libc 0.2.139",
              "target": "build_script_build"
            }
          ],
          "selects": {}
        },
        "edition": "2015",
        "version": "0.2.139"
      },
      "build_script_attrs": {
        "data_glob": [
          "**"
        ]
      },
      "license": "MIT OR Apache-2.0"
    },
    "ppv-lite86 0.2.17": {
      "name": "ppv-lite86",
      "version": "0.2.17",
      "repository": {
        "Http": {
          "url": "https://crates.io/api/v1/crates/ppv-lite86/0.2.17/download",
          "sha256": "5b40af805b3121feab8a3c29f04d8ad262fa8e0561883e7653e024ae4479e6de"
        }
      },
      "targets": [
        {
          "Library": {
            "crate_name": "ppv_lite86",
            "crate_root": "src/lib.rs",
            "srcs": [
              "**/*.rs"
            ]
          }
        }
      ],
      "library_target_name": "ppv_lite86",
      "common_attrs": {
        "compile_data_glob": [
          "**"
        ],
        "crate_features": [
          "simd",
          "std"
        ],
        "edition": "2018",
        "version": "0.2.17"
      },
      "license": "MIT/Apache-2.0"
    },
    "rand 0.8.5": {
      "name": "rand",
      "version": "0.8.5",
      "repository": {
        "Http": {
          "url": "https://crates.io/api/v1/crates/rand/0.8.5/download",
          "sha256": "34af8d1a0e25924bc5b7c43c079c942339d8f0a8b57c39049bef581b46327404"
        }
      },
      "targets": [
        {
          "Library": {
            "crate_name": "rand",
            "crate_root": "src/lib.rs",
            "srcs": [
              "**/*.rs"
            ]
          }
        }
      ],
      "library_target_name": "rand",
      "common_attrs": {
        "compile_data_glob": [
          "**"
        ],
        "crate_features": [
          "alloc",
          "default",
          "getrandom",
          "libc",
          "rand_chacha",
          "std",
          "std_rng"
        ],
        "deps": {
          "common": [
            {
              "id": "rand_chacha 0.3.1",
              "target": "rand_chacha"
            },
            {
              "id": "rand_core 0.6.4",
              "target": "rand_core"
            }
          ],
          "selects": {
            "cfg(unix)": [
              {
                "id": "libc 0.2.139",
                "target": "libc"
              }
            ]
          }
        },
        "edition": "2018",
        "version": "0.8.5"
      },
      "license": "MIT OR Apache-2.0"
    },
    "rand_chacha 0.3.1": {
      "name": "rand_chacha",
      "version": "0.3.1",
      "repository": {
        "Http": {
          "url": "https://crates.io/api/v1/crates/rand_chacha/0.3.1/download",
          "sha256": "e6c10a63a0fa32252be49d21e7709d4d4baf8d231c2dbce1eaa8141b9b127d88"
        }
      },
      "targets": [
        {
          "Library": {
            "crate_name": "rand_chacha",
            "crate_root": "src/lib.rs",
            "srcs": [
              "**/*.rs"
            ]
          }
        }
      ],
      "library_target_name": "rand_chacha",
      "common_attrs": {
        "compile_data_glob": [
          "**"
        ],
        "crate_features": [
          "std"
        ],
        "deps": {
          "common": [
            {
              "id": "ppv-lite86 0.2.17",
              "target": "ppv_lite86"
            },
            {
              "id": "rand_core 0.6.4",
              "target": "rand_core"
            }
          ],
          "selects": {}
        },
        "edition": "2018",
        "version": "0.3.1"
      },
      "license": "MIT OR Apache-2.0"
    },
    "rand_core 0.6.4": {
      "name": "rand_core",
      "version": "0.6.4",
      "repository": {
        "Http": {
          "url": "https://crates.io/api/v1/crates/rand_core/0.6.4/download",
          "sha256": "ec0be4795e2f6a28069bec0b5ff3e2ac9bafc99e6a9a7dc3547996c5c816922c"
        }
      },
      "targets": [
        {
          "Library": {
            "crate_name": "rand_core",
            "crate_root": "src/lib.rs",
            "srcs": [
              "**/*.rs"
            ]
          }
        }
      ],
      "library_target_name": "rand_core",
      "common_attrs": {
        "compile_data_glob": [
          "**"
        ],
        "crate_features": [
          "alloc",
          "getrandom",
          "std"
        ],
        "deps": {
          "common": [
            {
              "id": "getrandom 0.2.8",
              "target": "getrandom"
            }
          ],
          "selects": {}
        },
        "edition": "2018",
        "version": "0.6.4"
      },
      "license": "MIT OR Apache-2.0"
    },
    "wasi 0.11.0+wasi-snapshot-preview1": {
      "name": "wasi",
      "version": "0.11.0+wasi-snapshot-preview1",
      "repository": {
        "Http": {
          "url": "https://crates.io/api/v1/crates/wasi/0.11.0+wasi-snapshot-preview1/download",
          "sha256": "9c8d87e72b64a3b4db28d11ce29237c246188f4f51057d65a7eab63b7987e423"
        }
      },
      "targets": [
        {
          "Library": {
            "crate_name": "wasi",
            "crate_root": "src/lib.rs",
            "srcs": [
              "**/*.rs"
            ]
          }
        }
      ],
      "library_target_name": "wasi",
      "common_attrs": {
        "compile_data_glob": [
          "**"
        ],
        "crate_features": [
          "default",
          "std"
        ],
        "edition": "2018",
        "version": "0.11.0+wasi-snapshot-preview1"
      },
      "license": "Apache-2.0 WITH LLVM-exception OR Apache-2.0 OR MIT"
    }
  },
  "binary_crates": [],
  "workspace_members": {
    "direct-cargo-bazel-deps 0.0.1": ""
  },
  "conditions": {
    "cfg(target_os = \"wasi\")": [
      "wasm32-wasi"
    ],
    "cfg(unix)": [
      "aarch64-apple-darwin",
      "aarch64-apple-ios",
      "aarch64-apple-ios-sim",
      "aarch64-linux-android",
      "aarch64-unknown-linux-gnu",
      "arm-unknown-linux-gnueabi",
      "armv7-linux-androideabi",
      "armv7-unknown-linux-gnueabi",
      "i686-apple-darwin",
      "i686-linux-android",
      "i686-unknown-freebsd",
      "i686-unknown-linux-gnu",
      "powerpc-unknown-linux-gnu",
      "s390x-unknown-linux-gnu",
      "x86_64-apple-darwin",
      "x86_64-apple-ios",
      "x86_64-linux-android",
      "x86_64-unknown-freebsd",
      "x86_64-unknown-linux-gnu"
    ]
  }
}
